
Microsoft Visual Studio Solution File, Format Version 12.00
# Visual Studio Version 16
VisualStudioVersion = 16.0.30413.136
MinimumVisualStudioVersion = 10.0.40219.1
Project("{FAE04EC0-301F-11D3-BF4B-00C04F79EFBC}") = "tracert_utility", "tracert_utility.csproj", "{9FE94D1F-7B58-4D4E-BABC-FD26BBE28369}"
EndProject
Global
	GlobalSection(SolutionConfigurationPlatforms) = preSolution
		Debug|Any CPU = Debug|Any CPU
		Release|Any CPU = Release|Any CPU
	EndGlobalSection
	GlobalSection(ProjectConfigurationPlatforms) = postSolution
		{9FE94D1F-7B58-4D4E-BABC-FD26BBE28369}.Debug|Any CPU.ActiveCfg = Debug|Any CPU
		{9FE94D1F-7B58-4D4E-BABC-FD26BBE28369}.Debug|Any CPU.Build.0 = Debug|Any CPU
		{9FE94D1F-7B58-4D4E-BABC-FD26BBE28369}.Release|Any CPU.ActiveCfg = Release|Any CPU
		{9FE94D1F-7B58-4D4E-BABC-FD26BBE28369}.Release|Any CPU.Build.0 = Release|Any CPU
	EndGlobalSection
	GlobalSection(SolutionProperties) = preSolution
		HideSolutionNode = FALSE
	EndGlobalSection
	GlobalSection(ExtensibilityGlobals) = postSolution
		SolutionGuid = {1FC5527D-5D20-4893-AC91-BC7826690097}
	EndGlobalSection
EndGlobal
